// !$*UTF8*$!
{
	archiveVersion = 1;
	classes = {
	};
	objectVersion = 50;
	objects = {

/* Begin PBXBuildFile section */
		B45B1FC920B297BA00D3D2F4 /* AppDelegate.m in Sources */ = {isa = PBXBuildFile; fileRef = B45B1FC820B297BA00D3D2F4 /* AppDelegate.m */; };
		B45B1FCC20B297BA00D3D2F4 /* ViewController.m in Sources */ = {isa = PBXBuildFile; fileRef = B45B1FCB20B297BA00D3D2F4 /* ViewController.m */; };
		B45B1FCF20B297BA00D3D2F4 /* Main.storyboard in Resources */ = {isa = PBXBuildFile; fileRef = B45B1FCD20B297BA00D3D2F4 /* Main.storyboard */; };
		B45B1FD120B297BC00D3D2F4 /* Assets.xcassets in Resources */ = {isa = PBXBuildFile; fileRef = B45B1FD020B297BC00D3D2F4 /* Assets.xcassets */; };
		B45B1FD420B297BC00D3D2F4 /* LaunchScreen.storyboard in Resources */ = {isa = PBXBuildFile; fileRef = B45B1FD220B297BC00D3D2F4 /* LaunchScreen.storyboard */; };
		B45B1FD720B297BC00D3D2F4 /* main.m in Sources */ = {isa = PBXBuildFile; fileRef = B45B1FD620B297BC00D3D2F4 /* main.m */; };
		B45B1FE220B297E100D3D2F4 /* MD5.c in Sources */ = {isa = PBXBuildFile; fileRef = B45B1FE020B297E100D3D2F4 /* MD5.c */; };
		B45B1FE320B297E100D3D2F4 /* MD5Utils.m in Sources */ = {isa = PBXBuildFile; fileRef = B45B1FE120B297E100D3D2F4 /* MD5Utils.m */; };
/* End PBXBuildFile section */

/* Begin PBXFileReference section */
		B45B1FC420B297BA00D3D2F4 /* MD5Utils_Demo.app */ = {isa = PBXFileReference; explicitFileType = wrapper.application; includeInIndex = 0; path = MD5Utils_Demo.app; sourceTree = BUILT_PRODUCTS_DIR; };
		B45B1FC720B297BA00D3D2F4 /* AppDelegate.h */ = {isa = PBXFileReference; lastKnownFileType = sourcecode.c.h; path = AppDelegate.h; sourceTree = "<group>"; };
		B45B1FC820B297BA00D3D2F4 /* AppDelegate.m */ = {isa = PBXFileReference; lastKnownFileType = sourcecode.c.objc; path = AppDelegate.m; sourceTree = "<group>"; };
		B45B1FCA20B297BA00D3D2F4 /* ViewController.h */ = {isa = PBXFileReference; lastKnownFileType = sourcecode.c.h; path = ViewController.h; sourceTree = "<group>"; };
		B45B1FCB20B297BA00D3D2F4 /* ViewController.m */ = {isa = PBXFileReference; lastKnownFileType = sourcecode.c.objc; path = ViewController.m; sourceTree = "<group>"; };
		B45B1FCE20B297BA00D3D2F4 /* Base */ = {isa = PBXFileReference; lastKnownFileType = file.storyboard; name = Base; path = Base.lproj/Main.storyboard; sourceTree = "<group>"; };
		B45B1FD020B297BC00D3D2F4 /* Assets.xcassets */ = {isa = PBXFileReference; lastKnownFileType = folder.assetcatalog; path = Assets.xcassets; sourceTree = "<group>"; };
		B45B1FD320B297BC00D3D2F4 /* Base */ = {isa = PBXFileReference; lastKnownFileType = file.storyboard; name = Base; path = Base.lproj/LaunchScreen.storyboard; sourceTree = "<group>"; };
		B45B1FD520B297BC00D3D2F4 /* Info.plist */ = {isa = PBXFileReference; lastKnownFileType = text.plist.xml; path = Info.plist; sourceTree = "<group>"; };
		B45B1FD620B297BC00D3D2F4 /* main.m */ = {isa = PBXFileReference; lastKnownFileType = sourcecode.c.objc; path = main.m; sourceTree = "<group>"; };
		B45B1FDE20B297E100D3D2F4 /* MD5.h */ = {isa = PBXFileReference; fileEncoding = 4; lastKnownFileType = sourcecode.c.h; path = MD5.h; sourceTree = "<group>"; };
		B45B1FDF20B297E100D3D2F4 /* MD5Utils.h */ = {isa = PBXFileReference; fileEncoding = 4; lastKnownFileType = sourcecode.c.h; path = MD5Utils.h; sourceTree = "<group>"; };
		B45B1FE020B297E100D3D2F4 /* MD5.c */ = {isa = PBXFileReference; fileEncoding = 4; lastKnownFileType = sourcecode.c.c; path = MD5.c; sourceTree = "<group>"; };
		B45B1FE120B297E100D3D2F4 /* MD5Utils.m */ = {isa = PBXFileReference; fileEncoding = 4; lastKnownFileType = sourcecode.c.objc; path = MD5Utils.m; sourceTree = "<group>"; };
/* End PBXFileReference section */

/* Begin PBXFrameworksBuildPhase section */
		B45B1FC120B297BA00D3D2F4 /* Frameworks */ = {
			isa = PBXFrameworksBuildPhase;
			buildActionMask = 2147483647;
			files = (
			);
			runOnlyForDeploymentPostprocessing = 0;
		};
/* End PBXFrameworksBuildPhase section */

/* Begin PBXGroup section */
		B45B1FBB20B297BA00D3D2F4 = {
			isa = PBXGroup;
			children = (
				B45B1FC620B297BA00D3D2F4 /* MD5Utils_Demo */,
				B45B1FC520B297BA00D3D2F4 /* Products */,
			);
			sourceTree = "<group>";
		};
		B45B1FC520B297BA00D3D2F4 /* Products */ = {
			isa = PBXGroup;
			children = (
				B45B1FC420B297BA00D3D2F4 /* MD5Utils_Demo.app */,
			);
			name = Products;
			sourceTree = "<group>";
		};
		B45B1FC620B297BA00D3D2F4 /* MD5Utils_Demo */ = {
			isa = PBXGroup;
			children = (
				B45B1FDD20B297E100D3D2F4 /* MD5Utils */,
				B45B1FC720B297BA00D3D2F4 /* AppDelegate.h */,
				B45B1FC820B297BA00D3D2F4 /* AppDelegate.m */,
				B45B1FCA20B297BA00D3D2F4 /* ViewController.h */,
				B45B1FCB20B297BA00D3D2F4 /* ViewController.m */,
				B45B1FCD20B297BA00D3D2F4 /* Main.storyboard */,
				B45B1FD020B297BC00D3D2F4 /* Assets.xcassets */,
				B45B1FD220B297BC00D3D2F4 /* LaunchScreen.storyboard */,
				B45B1FD520B297BC00D3D2F4 /* Info.plist */,
				B45B1FD620B297BC00D3D2F4 /* main.m */,
			);
			path = MD5Utils_Demo;
			sourceTree = "<group>";
		};
		B45B1FDD20B297E100D3D2F4 /* MD5Utils */ = {
			isa = PBXGroup;
			children = (
				B45B1FDE20B297E100D3D2F4 /* MD5.h */,
				B45B1FE020B297E100D3D2F4 /* MD5.c */,
				B45B1FDF20B297E100D3D2F4 /* MD5Utils.h */,
				B45B1FE120B297E100D3D2F4 /* MD5Utils.m */,
			);
			path = MD5Utils;
			sourceTree = "<group>";
		};
/* End PBXGroup section */

/* Begin PBXNativeTarget section */
		B45B1FC320B297BA00D3D2F4 /* MD5Utils_Demo */ = {
			isa = PBXNativeTarget;
			buildConfigurationList = B45B1FDA20B297BC00D3D2F4 /* Build configuration list for PBXNativeTarget "MD5Utils_Demo" */;
			buildPhases = (
				B45B1FC020B297BA00D3D2F4 /* Sources */,
				B45B1FC120B297BA00D3D2F4 /* Frameworks */,
				B45B1FC220B297BA00D3D2F4 /* Resources */,
			);
			buildRules = (
			);
			dependencies = (
			);
			name = MD5Utils_Demo;
			productName = MD5Utils_Demo;
			productReference = B45B1FC420B297BA00D3D2F4 /* MD5Utils_Demo.app */;
			productType = "com.apple.product-type.application";
		};
/* End PBXNativeTarget section */

/* Begin PBXProject section */
		B45B1FBC20B297BA00D3D2F4 /* Project object */ = {
			isa = PBXProject;
			attributes = {
				LastUpgradeCheck = 0930;
				ORGANIZATIONNAME = "Chris Lee";
				TargetAttributes = {
					B45B1FC320B297BA00D3D2F4 = {
						CreatedOnToolsVersion = 9.3;
					};
				};
			};
			buildConfigurationList = B45B1FBF20B297BA00D3D2F4 /* Build configuration list for PBXProject "MD5Utils_Demo" */;
			compatibilityVersion = "Xcode 9.3";
			developmentRegion = en;
			hasScannedForEncodings = 0;
			knownRegions = (
				en,
				Base,
			);
			mainGroup = B45B1FBB20B297BA00D3D2F4;
			productRefGroup = B45B1FC520B297BA00D3D2F4 /* Products */;
			projectDirPath = "";
			projectRoot = "";
			targets = (
				B45B1FC320B297BA00D3D2F4 /* MD5Utils_Demo */,
			);
		};
/* End PBXProject section */

/* Begin PBXResourcesBuildPhase section */
		B45B1FC220B297BA00D3D2F4 /* Resources */ = {
			isa = PBXResourcesBuildPhase;
			buildActionMask = 2147483647;
			files = (
				B45B1FD420B297BC00D3D2F4 /* LaunchScreen.storyboard in Resources */,
				B45B1FD120B297BC00D3D2F4 /* Assets.xcassets in Resources */,
				B45B1FCF20B297BA00D3D2F4 /* Main.storyboard in Resources */,
			);
			runOnlyForDeploymentPostprocessing = 0;
		};
/* End PBXResourcesBuildPhase section */

/* Begin PBXSourcesBuildPhase section */
		B45B1FC020B297BA00D3D2F4 /* Sources */ = {
			isa = PBXSourcesBuildPhase;
			buildActionMask = 2147483647;
			files = (
				B45B1FE220B297E100D3D2F4 /* MD5.c in Sources */,
				B45B1FCC20B297BA00D3D2F4 /* ViewController.m in Sources */,
				B45B1FE320B297E100D3D2F4 /* MD5Utils.m in Sources */,
				B45B1FD720B297BC00D3D2F4 /* main.m in Sources */,
				B45B1FC920B297BA00D3D2F4 /* AppDelegate.m in Sources */,
			);
			runOnlyForDeploymentPostprocessing = 0;
		};
/* End PBXSourcesBuildPhase section */

/* Begin PBXVariantGroup section */
		B45B1FCD20B297BA00D3D2F4 /* Main.storyboard */ = {
			isa = PBXVariantGroup;
			children = (
				B45B1FCE20B297BA00D3D2F4 /* Base */,
			);
			name = Main.storyboard;
			sourceTree = "<group>";
		};
		B45B1FD220B297BC00D3D2F4 /* LaunchScreen.storyboard */ = {
			isa = PBXVariantGroup;
			children = (
				B45B1FD320B297BC00D3D2F4 /* Base */,
			);
			name = LaunchScreen.storyboard;
			sourceTree = "<group>";
		};
/* End PBXVariantGroup section */

/* Begin XCBuildConfiguration section */
		B45B1FD820B297BC00D3D2F4 /* Debug */ = {
			isa = XCBuildConfiguration;
			buildSettings = {
				ALWAYS_SEARCH_USER_PATHS = NO;
				CLANG_ANALYZER_NONNULL = YES;
				CLANG_ANALYZER_NUMBER_OBJECT_CONVERSION = YES_AGGRESSIVE;
				CLANG_CXX_LANGUAGE_STANDARD = "gnu++14";
				CLANG_CXX_LIBRARY = "libc++";
				CLANG_ENABLE_MODULES = YES;
				CLANG_ENABLE_OBJC_ARC = YES;
				CLANG_ENABLE_OBJC_WEAK = YES;
				CLANG_WARN_BLOCK_CAPTURE_AUTORELEASING = YES;
				CLANG_WARN_BOOL_CONVERSION = YES;
				CLANG_WARN_COMMA = YES;
				CLANG_WARN_CONSTANT_CONVERSION = YES;
				CLANG_WARN_DEPRECATED_OBJC_IMPLEMENTATIONS = YES;
				CLANG_WARN_DIRECT_OBJC_ISA_USAGE = YES_ERROR;
				CLANG_WARN_DOCUMENTATION_COMMENTS = YES;
				CLANG_WARN_EMPTY_BODY = YES;
				CLANG_WARN_ENUM_CONVERSION = YES;
				CLANG_WARN_INFINITE_RECURSION = YES;
				CLANG_WARN_INT_CONVERSION = YES;
				CLANG_WARN_NON_LITERAL_NULL_CONVERSION = YES;
				CLANG_WARN_OBJC_IMPLICIT_RETAIN_SELF = YES;
				CLANG_WARN_OBJC_LITERAL_CONVERSION = YES;
				CLANG_WARN_OBJC_ROOT_CLASS = YES_ERROR;
				CLANG_WARN_RANGE_LOOP_ANALYSIS = YES;
				CLANG_WARN_STRICT_PROTOTYPES = YES;
				CLANG_WARN_SUSPICIOUS_MOVE = YES;
				CLANG_WARN_UNGUARDED_AVAILABILITY = YES_AGGRESSIVE;
				CLANG_WARN_UNREACHABLE_CODE = YES;
				CLANG_WARN__DUPLICATE_METHOD_MATCH = YES;
				CODE_SIGN_IDENTITY = "iPhone Developer";
				COPY_PHASE_STRIP = NO;
				DEBUG_INFORMATION_FORMAT = dwarf;
				ENABLE_STRICT_OBJC_MSGSEND = YES;
				ENABLE_TESTABILITY = YES;
				GCC_C_LANGUAGE_STANDARD = gnu11;
				GCC_DYNAMIC_NO_PIC = NO;
				GCC_NO_COMMON_BLOCKS = YES;
				GCC_OPTIMIZATION_LEVEL = 0;
				GCC_PREPROCESSOR_DEFINITIONS = (
					"DEBUG=1",
					"$(inherited)",
				);
				GCC_WARN_64_TO_32_BIT_CONVERSION = YES;
				GCC_WARN_ABOUT_RETURN_TYPE = YES_ERROR;
				GCC_WARN_UNDECLARED_SELECTOR = YES;
				GCC_WARN_UNINITIALIZED_AUTOS = YES_AGGRESSIVE;
				GCC_WARN_UNUSED_FUNCTION = YES;
				GCC_WARN_UNUSED_VARIABLE = YES;
				IPHONEOS_DEPLOYMENT_TARGET = 11.3;
				MTL_ENABLE_DEBUG_INFO = YES;
				ONLY_ACTIVE_ARCH = YES;
				SDKROOT = iphoneos;
			};
			name = Debug;
		};
		B45B1FD920B297BC00D3D2F4 /* Release */ = {
			isa = XCBuildConfiguration;
			buildSettings = {
				ALWAYS_SEARCH_USER_PATHS = NO;
				CLANG_ANALYZER_NONNULL = YES;
				CLANG_ANALYZER_NUMBER_OBJECT_CONVERSION = YES_AGGRESSIVE;
				CLANG_CXX_LANGUAGE_STANDARD = "gnu++14";
				CLANG_CXX_LIBRARY = "libc++";
				CLANG_ENABLE_MODULES = YES;
				CLANG_ENABLE_OBJC_ARC = YES;
				CLANG_ENABLE_OBJC_WEAK = YES;
				CLANG_WARN_BLOCK_CAPTURE_AUTORELEASING = YES;
				CLANG_WARN_BOOL_CONVERSION = YES;
				CLANG_WARN_COMMA = YES;
				CLANG_WARN_CONSTANT_CONVERSION = YES;
				CLANG_WARN_DEPRECATED_OBJC_IMPLEMENTATIONS = YES;
				CLANG_WARN_DIRECT_OBJC_ISA_USAGE = YES_ERROR;
				CLANG_WARN_DOCUMENTATION_COMMENTS = YES;
				CLANG_WARN_EMPTY_BODY = YES;
				CLANG_WARN_ENUM_CONVERSION = YES;
				CLANG_WARN_INFINITE_RECURSION = YES;
				CLANG_WARN_INT_CONVERSION = YES;
				CLANG_WARN_NON_LITERAL_NULL_CONVERSION = YES;
				CLANG_WARN_OBJC_IMPLICIT_RETAIN_SELF = YES;
				CLANG_WARN_OBJC_LITERAL_CONVERSION = YES;
				CLANG_WARN_OBJC_ROOT_CLASS = YES_ERROR;
				CLANG_WARN_RANGE_LOOP_ANALYSIS = YES;
				CLANG_WARN_STRICT_PROTOTYPES = YES;
				CLANG_WARN_SUSPICIOUS_MOVE = YES;
				CLANG_WARN_UNGUARDED_AVAILABILITY = YES_AGGRESSIVE;
				CLANG_WARN_UNREACHABLE_CODE = YES;
				CLANG_WARN__DUPLICATE_METHOD_MATCH = YES;
				CODE_SIGN_IDENTITY = "iPhone Developer";
				COPY_PHASE_STRIP = NO;
				DEBUG_INFORMATION_FORMAT = "dwarf-with-dsym";
				ENABLE_NS_ASSERTIONS = NO;
				ENABLE_STRICT_OBJC_MSGSEND = YES;
				GCC_C_LANGUAGE_STANDARD = gnu11;
				GCC_NO_COMMON_BLOCKS = YES;
				GCC_WARN_64_TO_32_BIT_CONVERSION = YES;
				GCC_WARN_ABOUT_RETURN_TYPE = YES_ERROR;
				GCC_WARN_UNDECLARED_SELECTOR = YES;
				GCC_WARN_UNINITIALIZED_AUTOS = YES_AGGRESSIVE;
				GCC_WARN_UNUSED_FUNCTION = YES;
				GCC_WARN_UNUSED_VARIABLE = YES;
				IPHONEOS_DEPLOYMENT_TARGET = 11.3;
				MTL_ENABLE_DEBUG_INFO = NO;
				SDKROOT = iphoneos;
				VALIDATE_PRODUCT = YES;
			};
			name = Release;
		};
		B45B1FDB20B297BC00D3D2F4 /* Debug */ = {
			isa = XCBuildConfiguration;
			buildSettings = {
				ASSETCATALOG_COMPILER_APPICON_NAME = AppIcon;
				CODE_SIGN_STYLE = Automatic;
				DEVELOPMENT_TEAM = H2TWX5H462;
				INFOPLIST_FILE = MD5Utils_Demo/Info.plist;
				LD_RUNPATH_SEARCH_PATHS = (
					"$(inherited)",
					"@executable_path/Frameworks",
				);
				PRODUCT_BUNDLE_IDENTIFIER = "LeeChris.MD5Utils-Demo";
				PRODUCT_NAME = "$(TARGET_NAME)";
				TARGETED_DEVICE_FAMILY = "1,2";
			};
			name = Debug;
		};
		B45B1FDC20B297BC00D3D2F4 /* Release */ = {
			isa = XCBuildConfiguration;
			buildSettings = {
				ASSETCATALOG_COMPILER_APPICON_NAME = AppIcon;
				CODE_SIGN_STYLE = Automatic;
				DEVELOPMENT_TEAM = H2TWX5H462;
				INFOPLIST_FILE = MD5Utils_Demo/Info.plist;
				LD_RUNPATH_SEARCH_PATHS = (
					"$(inherited)",
					"@executable_path/Frameworks",
				);
				PRODUCT_BUNDLE_IDENTIFIER = "LeeChris.MD5Utils-Demo";
				PRODUCT_NAME = "$(TARGET_NAME)";
				TARGETED_DEVICE_FAMILY = "1,2";
			};
			name = Release;
		};
/* End XCBuildConfiguration section */

/* Begin XCConfigurationList section */
		B45B1FBF20B297BA00D3D2F4 /* Build configuration list for PBXProject "MD5Utils_Demo" */ = {
			isa = XCConfigurationList;
			buildConfigurations = (
				B45B1FD820B297BC00D3D2F4 /* Debug */,
				B45B1FD920B297BC00D3D2F4 /* Release */,
			);
			defaultConfigurationIsVisible = 0;
			defaultConfigurationName = Release;
		};
		B45B1FDA20B297BC00D3D2F4 /* Build configuration list for PBXNativeTarget "MD5Utils_Demo" */ = {
			isa = XCConfigurationList;
			buildConfigurations = (
				B45B1FDB20B297BC00D3D2F4 /* Debug */,
				B45B1FDC20B297BC00D3D2F4 /* Release */,
			);
			defaultConfigurationIsVisible = 0;
			defaultConfigurationName = Release;
		};
/* End XCConfigurationList section */
	};
	rootObject = B45B1FBC20B297BA00D3D2F4 /* Project object */;
}
